
Microsoft Visual Studio Solution File, Format Version 12.00
# Visual Studio Version 16
VisualStudioVersion = 16.0.31129.286
MinimumVisualStudioVersion = 10.0.40219.1
Project("{FAE04EC0-301F-11D3-BF4B-00C04F79EFBC}") = "Finanzas", "Finanzas.csproj", "{63DF8DF9-C41C-4EE1-A30C-0A2564218E74}"
EndProject
Global
	GlobalSection(SolutionConfigurationPlatforms) = preSolution
		Debug|Any CPU = Debug|Any CPU
		Release|Any CPU = Release|Any CPU
	EndGlobalSection
	GlobalSection(ProjectConfigurationPlatforms) = postSolution
		{63DF8DF9-C41C-4EE1-A30C-0A2564218E74}.Debug|Any CPU.ActiveCfg = Debug|Any CPU
		{63DF8DF9-C41C-4EE1-A30C-0A2564218E74}.Debug|Any CPU.Build.0 = Debug|Any CPU
		{63DF8DF9-C41C-4EE1-A30C-0A2564218E74}.Release|Any CPU.ActiveCfg = Release|Any CPU
		{63DF8DF9-C41C-4EE1-A30C-0A2564218E74}.Release|Any CPU.Build.0 = Release|Any CPU
	EndGlobalSection
	GlobalSection(SolutionProperties) = preSolution
		HideSolutionNode = FALSE
	EndGlobalSection
	GlobalSection(ExtensibilityGlobals) = postSolution
		SolutionGuid = {8E16AD77-5C99-4F9A-9D93-C1D87D9150DD}
	EndGlobalSection
EndGlobal
